# THIS IS AN AUTOGENERATED FILE. DO NOT EDIT THIS FILE DIRECTLY.
# yarn lockfile v1


chalk@^5.3.0:
  version "5.3.0"
  resolved "https://registry.yarnpkg.com/chalk/-/chalk-5.3.0.tgz#67c20a7ebef70e7f3970a01f90fa210cb6860385"
  integrity sha512-dLitG79d+GV1Nb/VYcCDFivJeK1hiukt9QjRNVOsUtTy1rR1YJsmpGGTZ3qJos+uw7WmWF4wUwBd9jxjocFC2w==

dotenv@^16.3.1:
  version "16.3.1"
  resolved "https://registry.yarnpkg.com/dotenv/-/dotenv-16.3.1.tgz#369034de7d7e5b120972693352a3bf112172cc3e"
  integrity sha512-IPzF4w4/Rd94bA9imS68tZBaYyBWSCE47V1RGuMrB94iyTOIEwRmVL2x/4An+6mETpLrKJ5hQkB8W4kFAadeIQ==

thread-sleep@^2.2.0:
  version "2.2.0"
  resolved "https://registry.yarnpkg.com/thread-sleep/-/thread-sleep-2.2.0.tgz#a4eb6b7924ed66c29c1980a89bb12ce3d1978b8c"
  integrity sha512-C3zZbh9fL7c/+N8mFZ82+uK+dj0q6bSUORwhSe4icwd0xERndhB+ldw4JdejGC3Cbn1DRXlLJ/w859CQdvYV9w==
